
Microsoft Visual Studio Solution File, Format Version 12.00
# Visual Studio Version 17
VisualStudioVersion = 17.14.36414.22 d17.14
MinimumVisualStudioVersion = 10.0.40219.1
Project("{8BC9CEB8-8B4A-11D0-8D11-00A0C91BC942}") = "1", "1\1.vcxproj", "{8B651613-3B37-4793-8CDF-FDB52342A8DA}"
EndProject
Project("{8BC9CEB8-8B4A-11D0-8D11-00A0C91BC942}") = "3", "3\3.vcxproj", "{D374C350-4EAB-4A6F-89F4-C21564AE977F}"
EndProject
Project("{8BC9CEB8-8B4A-11D0-8D11-00A0C91BC942}") = "33", "33\33.vcxproj", "{C76D03C1-EE6D-4F85-A8D7-59E6BDA2775C}"
EndProject
Project("{8BC9CEB8-8B4A-11D0-8D11-00A0C91BC942}") = "108", "108\108.vcxproj", "{AF3DEE1C-E4BD-4ADF-BED4-86763E28D898}"
EndProject
Project("{8BC9CEB8-8B4A-11D0-8D11-00A0C91BC942}") = "195", "195\195.vcxproj", "{8C0B8643-4731-4797-8EFF-46D1E3A8CF14}"
EndProject
Project("{8BC9CEB8-8B4A-11D0-8D11-00A0C91BC942}") = "903", "903\903.vcxproj", "{13AB52BF-22A9-4CC4-AF62-1D873AE11999}"
EndProject
Project("{8BC9CEB8-8B4A-11D0-8D11-00A0C91BC942}") = "948", "948\948.vcxproj", "{DB9A3066-0480-481A-9AED-13695BCC6C23}"
EndProject
Project("{8BC9CEB8-8B4A-11D0-8D11-00A0C91BC942}") = "1038", "1038\1038.vcxproj", "{28AAAF7F-3238-440E-8039-991927381B4E}"
EndProject
Project("{8BC9CEB8-8B4A-11D0-8D11-00A0C91BC942}") = "1086", "1086\1086.vcxproj", "{C0AB4A6A-66AD-4835-87E5-074D9F0EB77E}"
EndProject
Project("{8BC9CEB8-8B4A-11D0-8D11-00A0C91BC942}") = "1109", "1109\1109.vcxproj", "{3A0ABBE1-6DF5-4CB0-A531-FBE40B9744C1}"
EndProject
Project("{8BC9CEB8-8B4A-11D0-8D11-00A0C91BC942}") = "1110", "1110\1110.vcxproj", "{B6655327-D315-4132-BC44-8056B2A6E8E4}"
EndProject
Project("{8BC9CEB8-8B4A-11D0-8D11-00A0C91BC942}") = "1111", "1111\1111.vcxproj", "{F8228232-0AA4-42BB-9823-79B0F473E1B3}"
EndProject
Project("{8BC9CEB8-8B4A-11D0-8D11-00A0C91BC942}") = "1112", "1112\1112.vcxproj", "{1712C10B-49DA-4E7E-BE8F-C8A0B70D7E78}"
EndProject
Project("{8BC9CEB8-8B4A-11D0-8D11-00A0C91BC942}") = "1113", "1113\1113.vcxproj", "{3AB78055-59F1-4D93-B6B9-A1DB53FBE35B}"
EndProject
Project("{8BC9CEB8-8B4A-11D0-8D11-00A0C91BC942}") = "1114", "1114\1114.vcxproj", "{927F377F-9FC6-4DE0-8C5C-B84483D617F7}"
EndProject
Project("{8BC9CEB8-8B4A-11D0-8D11-00A0C91BC942}") = "1115", "1115\1115.vcxproj", "{5EE9DEA6-0C1C-4934-9CBF-03165F8F7167}"
EndProject
Project("{8BC9CEB8-8B4A-11D0-8D11-00A0C91BC942}") = "1416", "1416\1416.vcxproj", "{C34F0DF9-D05E-47EA-9C9E-1EA688D38160}"
EndProject
Project("{8BC9CEB8-8B4A-11D0-8D11-00A0C91BC942}") = "1489", "1489\1489.vcxproj", "{EBB69024-C2A7-4A0D-8E46-D4A2B072792E}"
EndProject
Project("{8BC9CEB8-8B4A-11D0-8D11-00A0C91BC942}") = "1681", "1681\1681.vcxproj", "{C776A1C0-9C41-4C3E-A50D-842C9EC1602C}"
EndProject
Project("{8BC9CEB8-8B4A-11D0-8D11-00A0C91BC942}") = "1756", "1756\1756.vcxproj", "{F465F84B-7F35-486C-B05E-354CBA2521FC}"
EndProject
Project("{8BC9CEB8-8B4A-11D0-8D11-00A0C91BC942}") = "2005", "2005\2005.vcxproj", "{661E01AF-01D7-45C3-9816-672F0BD1920E}"
EndProject
Project("{8BC9CEB8-8B4A-11D0-8D11-00A0C91BC942}") = "zm+r", "zm+r\zm+r.vcxproj", "{10DF5169-7F3D-412E-A7AA-67172B0B4DC2}"
EndProject
Global
	GlobalSection(SolutionConfigurationPlatforms) = preSolution
		Debug|x64 = Debug|x64
		Debug|x86 = Debug|x86
		Release|x64 = Release|x64
		Release|x86 = Release|x86
	EndGlobalSection
	GlobalSection(ProjectConfigurationPlatforms) = postSolution
		{8B651613-3B37-4793-8CDF-FDB52342A8DA}.Debug|x64.ActiveCfg = Debug|x64
		{8B651613-3B37-4793-8CDF-FDB52342A8DA}.Debug|x64.Build.0 = Debug|x64
		{8B651613-3B37-4793-8CDF-FDB52342A8DA}.Debug|x86.ActiveCfg = Debug|Win32
		{8B651613-3B37-4793-8CDF-FDB52342A8DA}.Debug|x86.Build.0 = Debug|Win32
		{8B651613-3B37-4793-8CDF-FDB52342A8DA}.Release|x64.ActiveCfg = Release|x64
		{8B651613-3B37-4793-8CDF-FDB52342A8DA}.Release|x64.Build.0 = Release|x64
		{8B651613-3B37-4793-8CDF-FDB52342A8DA}.Release|x86.ActiveCfg = Release|Win32
		{8B651613-3B37-4793-8CDF-FDB52342A8DA}.Release|x86.Build.0 = Release|Win32
		{D374C350-4EAB-4A6F-89F4-C21564AE977F}.Debug|x64.ActiveCfg = Debug|x64
		{D374C350-4EAB-4A6F-89F4-C21564AE977F}.Debug|x64.Build.0 = Debug|x64
		{D374C350-4EAB-4A6F-89F4-C21564AE977F}.Debug|x86.ActiveCfg = Debug|Win32
		{D374C350-4EAB-4A6F-89F4-C21564AE977F}.Debug|x86.Build.0 = Debug|Win32
		{D374C350-4EAB-4A6F-89F4-C21564AE977F}.Release|x64.ActiveCfg = Release|x64
		{D374C350-4EAB-4A6F-89F4-C21564AE977F}.Release|x64.Build.0 = Release|x64
		{D374C350-4EAB-4A6F-89F4-C21564AE977F}.Release|x86.ActiveCfg = Release|Win32
		{D374C350-4EAB-4A6F-89F4-C21564AE977F}.Release|x86.Build.0 = Release|Win32
		{C76D03C1-EE6D-4F85-A8D7-59E6BDA2775C}.Debug|x64.ActiveCfg = Debug|x64
		{C76D03C1-EE6D-4F85-A8D7-59E6BDA2775C}.Debug|x64.Build.0 = Debug|x64
		{C76D03C1-EE6D-4F85-A8D7-59E6BDA2775C}.Debug|x86.ActiveCfg = Debug|Win32
		{C76D03C1-EE6D-4F85-A8D7-59E6BDA2775C}.Debug|x86.Build.0 = Debug|Win32
		{C76D03C1-EE6D-4F85-A8D7-59E6BDA2775C}.Release|x64.ActiveCfg = Release|x64
		{C76D03C1-EE6D-4F85-A8D7-59E6BDA2775C}.Release|x64.Build.0 = Release|x64
		{C76D03C1-EE6D-4F85-A8D7-59E6BDA2775C}.Release|x86.ActiveCfg = Release|Win32
		{C76D03C1-EE6D-4F85-A8D7-59E6BDA2775C}.Release|x86.Build.0 = Release|Win32
		{AF3DEE1C-E4BD-4ADF-BED4-86763E28D898}.Debug|x64.ActiveCfg = Debug|x64
		{AF3DEE1C-E4BD-4ADF-BED4-86763E28D898}.Debug|x64.Build.0 = Debug|x64
		{AF3DEE1C-E4BD-4ADF-BED4-86763E28D898}.Debug|x86.ActiveCfg = Debug|Win32
		{AF3DEE1C-E4BD-4ADF-BED4-86763E28D898}.Debug|x86.Build.0 = Debug|Win32
		{AF3DEE1C-E4BD-4ADF-BED4-86763E28D898}.Release|x64.ActiveCfg = Release|x64
		{AF3DEE1C-E4BD-4ADF-BED4-86763E28D898}.Release|x64.Build.0 = Release|x64
		{AF3DEE1C-E4BD-4ADF-BED4-86763E28D898}.Release|x86.ActiveCfg = Release|Win32
		{AF3DEE1C-E4BD-4ADF-BED4-86763E28D898}.Release|x86.Build.0 = Release|Win32
		{8C0B8643-4731-4797-8EFF-46D1E3A8CF14}.Debug|x64.ActiveCfg = Debug|x64
		{8C0B8643-4731-4797-8EFF-46D1E3A8CF14}.Debug|x64.Build.0 = Debug|x64
		{8C0B8643-4731-4797-8EFF-46D1E3A8CF14}.Debug|x86.ActiveCfg = Debug|Win32
		{8C0B8643-4731-4797-8EFF-46D1E3A8CF14}.Debug|x86.Build.0 = Debug|Win32
		{8C0B8643-4731-4797-8EFF-46D1E3A8CF14}.Release|x64.ActiveCfg = Release|x64
		{8C0B8643-4731-4797-8EFF-46D1E3A8CF14}.Release|x64.Build.0 = Release|x64
		{8C0B8643-4731-4797-8EFF-46D1E3A8CF14}.Release|x86.ActiveCfg = Release|Win32
		{8C0B8643-4731-4797-8EFF-46D1E3A8CF14}.Release|x86.Build.0 = Release|Win32
		{13AB52BF-22A9-4CC4-AF62-1D873AE11999}.Debug|x64.ActiveCfg = Debug|x64
		{13AB52BF-22A9-4CC4-AF62-1D873AE11999}.Debug|x64.Build.0 = Debug|x64
		{13AB52BF-22A9-4CC4-AF62-1D873AE11999}.Debug|x86.ActiveCfg = Debug|Win32
		{13AB52BF-22A9-4CC4-AF62-1D873AE11999}.Debug|x86.Build.0 = Debug|Win32
		{13AB52BF-22A9-4CC4-AF62-1D873AE11999}.Release|x64.ActiveCfg = Release|x64
		{13AB52BF-22A9-4CC4-AF62-1D873AE11999}.Release|x64.Build.0 = Release|x64
		{13AB52BF-22A9-4CC4-AF62-1D873AE11999}.Release|x86.ActiveCfg = Release|Win32
		{13AB52BF-22A9-4CC4-AF62-1D873AE11999}.Release|x86.Build.0 = Release|Win32
		{DB9A3066-0480-481A-9AED-13695BCC6C23}.Debug|x64.ActiveCfg = Debug|x64
		{DB9A3066-0480-481A-9AED-13695BCC6C23}.Debug|x64.Build.0 = Debug|x64
		{DB9A3066-0480-481A-9AED-13695BCC6C23}.Debug|x86.ActiveCfg = Debug|Win32
		{DB9A3066-0480-481A-9AED-13695BCC6C23}.Debug|x86.Build.0 = Debug|Win32
		{DB9A3066-0480-481A-9AED-13695BCC6C23}.Release|x64.ActiveCfg = Release|x64
		{DB9A3066-0480-481A-9AED-13695BCC6C23}.Release|x64.Build.0 = Release|x64
		{DB9A3066-0480-481A-9AED-13695BCC6C23}.Release|x86.ActiveCfg = Release|Win32
		{DB9A3066-0480-481A-9AED-13695BCC6C23}.Release|x86.Build.0 = Release|Win32
		{28AAAF7F-3238-440E-8039-991927381B4E}.Debug|x64.ActiveCfg = Debug|x64
		{28AAAF7F-3238-440E-8039-991927381B4E}.Debug|x64.Build.0 = Debug|x64
		{28AAAF7F-3238-440E-8039-991927381B4E}.Debug|x86.ActiveCfg = Debug|Win32
		{28AAAF7F-3238-440E-8039-991927381B4E}.Debug|x86.Build.0 = Debug|Win32
		{28AAAF7F-3238-440E-8039-991927381B4E}.Release|x64.ActiveCfg = Release|x64
		{28AAAF7F-3238-440E-8039-991927381B4E}.Release|x64.Build.0 = Release|x64
		{28AAAF7F-3238-440E-8039-991927381B4E}.Release|x86.ActiveCfg = Release|Win32
		{28AAAF7F-3238-440E-8039-991927381B4E}.Release|x86.Build.0 = Release|Win32
		{C0AB4A6A-66AD-4835-87E5-074D9F0EB77E}.Debug|x64.ActiveCfg = Debug|x64
		{C0AB4A6A-66AD-4835-87E5-074D9F0EB77E}.Debug|x64.Build.0 = Debug|x64
		{C0AB4A6A-66AD-4835-87E5-074D9F0EB77E}.Debug|x86.ActiveCfg = Debug|Win32
		{C0AB4A6A-66AD-4835-87E5-074D9F0EB77E}.Debug|x86.Build.0 = Debug|Win32
		{C0AB4A6A-66AD-4835-87E5-074D9F0EB77E}.Release|x64.ActiveCfg = Release|x64
		{C0AB4A6A-66AD-4835-87E5-074D9F0EB77E}.Release|x64.Build.0 = Release|x64
		{C0AB4A6A-66AD-4835-87E5-074D9F0EB77E}.Release|x86.ActiveCfg = Release|Win32
		{C0AB4A6A-66AD-4835-87E5-074D9F0EB77E}.Release|x86.Build.0 = Release|Win32
		{3A0ABBE1-6DF5-4CB0-A531-FBE40B9744C1}.Debug|x64.ActiveCfg = Debug|x64
		{3A0ABBE1-6DF5-4CB0-A531-FBE40B9744C1}.Debug|x64.Build.0 = Debug|x64
		{3A0ABBE1-6DF5-4CB0-A531-FBE40B9744C1}.Debug|x86.ActiveCfg = Debug|Win32
		{3A0ABBE1-6DF5-4CB0-A531-FBE40B9744C1}.Debug|x86.Build.0 = Debug|Win32
		{3A0ABBE1-6DF5-4CB0-A531-FBE40B9744C1}.Release|x64.ActiveCfg = Release|x64
		{3A0ABBE1-6DF5-4CB0-A531-FBE40B9744C1}.Release|x64.Build.0 = Release|x64
		{3A0ABBE1-6DF5-4CB0-A531-FBE40B9744C1}.Release|x86.ActiveCfg = Release|Win32
		{3A0ABBE1-6DF5-4CB0-A531-FBE40B9744C1}.Release|x86.Build.0 = Release|Win32
		{B6655327-D315-4132-BC44-8056B2A6E8E4}.Debug|x64.ActiveCfg = Debug|x64
		{B6655327-D315-4132-BC44-8056B2A6E8E4}.Debug|x64.Build.0 = Debug|x64
		{B6655327-D315-4132-BC44-8056B2A6E8E4}.Debug|x86.ActiveCfg = Debug|Win32
		{B6655327-D315-4132-BC44-8056B2A6E8E4}.Debug|x86.Build.0 = Debug|Win32
		{B6655327-D315-4132-BC44-8056B2A6E8E4}.Release|x64.ActiveCfg = Release|x64
		{B6655327-D315-4132-BC44-8056B2A6E8E4}.Release|x64.Build.0 = Release|x64
		{B6655327-D315-4132-BC44-8056B2A6E8E4}.Release|x86.ActiveCfg = Release|Win32
		{B6655327-D315-4132-BC44-8056B2A6E8E4}.Release|x86.Build.0 = Release|Win32
		{F8228232-0AA4-42BB-9823-79B0F473E1B3}.Debug|x64.ActiveCfg = Debug|x64
		{F8228232-0AA4-42BB-9823-79B0F473E1B3}.Debug|x64.Build.0 = Debug|x64
		{F8228232-0AA4-42BB-9823-79B0F473E1B3}.Debug|x86.ActiveCfg = Debug|Win32
		{F8228232-0AA4-42BB-9823-79B0F473E1B3}.Debug|x86.Build.0 = Debug|Win32
		{F8228232-0AA4-42BB-9823-79B0F473E1B3}.Release|x64.ActiveCfg = Release|x64
		{F8228232-0AA4-42BB-9823-79B0F473E1B3}.Release|x64.Build.0 = Release|x64
		{F8228232-0AA4-42BB-9823-79B0F473E1B3}.Release|x86.ActiveCfg = Release|Win32
		{F8228232-0AA4-42BB-9823-79B0F473E1B3}.Release|x86.Build.0 = Release|Win32
		{1712C10B-49DA-4E7E-BE8F-C8A0B70D7E78}.Debug|x64.ActiveCfg = Debug|x64
		{1712C10B-49DA-4E7E-BE8F-C8A0B70D7E78}.Debug|x64.Build.0 = Debug|x64
		{1712C10B-49DA-4E7E-BE8F-C8A0B70D7E78}.Debug|x86.ActiveCfg = Debug|Win32
		{1712C10B-49DA-4E7E-BE8F-C8A0B70D7E78}.Debug|x86.Build.0 = Debug|Win32
		{1712C10B-49DA-4E7E-BE8F-C8A0B70D7E78}.Release|x64.ActiveCfg = Release|x64
		{1712C10B-49DA-4E7E-BE8F-C8A0B70D7E78}.Release|x64.Build.0 = Release|x64
		{1712C10B-49DA-4E7E-BE8F-C8A0B70D7E78}.Release|x86.ActiveCfg = Release|Win32
		{1712C10B-49DA-4E7E-BE8F-C8A0B70D7E78}.Release|x86.Build.0 = Release|Win32
		{3AB78055-59F1-4D93-B6B9-A1DB53FBE35B}.Debug|x64.ActiveCfg = Debug|x64
		{3AB78055-59F1-4D93-B6B9-A1DB53FBE35B}.Debug|x64.Build.0 = Debug|x64
		{3AB78055-59F1-4D93-B6B9-A1DB53FBE35B}.Debug|x86.ActiveCfg = Debug|Win32
		{3AB78055-59F1-4D93-B6B9-A1DB53FBE35B}.Debug|x86.Build.0 = Debug|Win32
		{3AB78055-59F1-4D93-B6B9-A1DB53FBE35B}.Release|x64.ActiveCfg = Release|x64
		{3AB78055-59F1-4D93-B6B9-A1DB53FBE35B}.Release|x64.Build.0 = Release|x64
		{3AB78055-59F1-4D93-B6B9-A1DB53FBE35B}.Release|x86.ActiveCfg = Release|Win32
		{3AB78055-59F1-4D93-B6B9-A1DB53FBE35B}.Release|x86.Build.0 = Release|Win32
		{927F377F-9FC6-4DE0-8C5C-B84483D617F7}.Debug|x64.ActiveCfg = Debug|x64
		{927F377F-9FC6-4DE0-8C5C-B84483D617F7}.Debug|x64.Build.0 = Debug|x64
		{927F377F-9FC6-4DE0-8C5C-B84483D617F7}.Debug|x86.ActiveCfg = Debug|Win32
		{927F377F-9FC6-4DE0-8C5C-B84483D617F7}.Debug|x86.Build.0 = Debug|Win32
		{927F377F-9FC6-4DE0-8C5C-B84483D617F7}.Release|x64.ActiveCfg = Release|x64
		{927F377F-9FC6-4DE0-8C5C-B84483D617F7}.Release|x64.Build.0 = Release|x64
		{927F377F-9FC6-4DE0-8C5C-B84483D617F7}.Release|x86.ActiveCfg = Release|Win32
		{927F377F-9FC6-4DE0-8C5C-B84483D617F7}.Release|x86.Build.0 = Release|Win32
		{5EE9DEA6-0C1C-4934-9CBF-03165F8F7167}.Debug|x64.ActiveCfg = Debug|x64
		{5EE9DEA6-0C1C-4934-9CBF-03165F8F7167}.Debug|x64.Build.0 = Debug|x64
		{5EE9DEA6-0C1C-4934-9CBF-03165F8F7167}.Debug|x86.ActiveCfg = Debug|Win32
		{5EE9DEA6-0C1C-4934-9CBF-03165F8F7167}.Debug|x86.Build.0 = Debug|Win32
		{5EE9DEA6-0C1C-4934-9CBF-03165F8F7167}.Release|x64.ActiveCfg = Release|x64
		{5EE9DEA6-0C1C-4934-9CBF-03165F8F7167}.Release|x64.Build.0 = Release|x64
		{5EE9DEA6-0C1C-4934-9CBF-03165F8F7167}.Release|x86.ActiveCfg = Release|Win32
		{5EE9DEA6-0C1C-4934-9CBF-03165F8F7167}.Release|x86.Build.0 = Release|Win32
		{C34F0DF9-D05E-47EA-9C9E-1EA688D38160}.Debug|x64.ActiveCfg = Debug|x64
		{C34F0DF9-D05E-47EA-9C9E-1EA688D38160}.Debug|x64.Build.0 = Debug|x64
		{C34F0DF9-D05E-47EA-9C9E-1EA688D38160}.Debug|x86.ActiveCfg = Debug|Win32
		{C34F0DF9-D05E-47EA-9C9E-1EA688D38160}.Debug|x86.Build.0 = Debug|Win32
		{C34F0DF9-D05E-47EA-9C9E-1EA688D38160}.Release|x64.ActiveCfg = Release|x64
		{C34F0DF9-D05E-47EA-9C9E-1EA688D38160}.Release|x64.Build.0 = Release|x64
		{C34F0DF9-D05E-47EA-9C9E-1EA688D38160}.Release|x86.ActiveCfg = Release|Win32
		{C34F0DF9-D05E-47EA-9C9E-1EA688D38160}.Release|x86.Build.0 = Release|Win32
		{EBB69024-C2A7-4A0D-8E46-D4A2B072792E}.Debug|x64.ActiveCfg = Debug|x64
		{EBB69024-C2A7-4A0D-8E46-D4A2B072792E}.Debug|x64.Build.0 = Debug|x64
		{EBB69024-C2A7-4A0D-8E46-D4A2B072792E}.Debug|x86.ActiveCfg = Debug|Win32
		{EBB69024-C2A7-4A0D-8E46-D4A2B072792E}.Debug|x86.Build.0 = Debug|Win32
		{EBB69024-C2A7-4A0D-8E46-D4A2B072792E}.Release|x64.ActiveCfg = Release|x64
		{EBB69024-C2A7-4A0D-8E46-D4A2B072792E}.Release|x64.Build.0 = Release|x64
		{EBB69024-C2A7-4A0D-8E46-D4A2B072792E}.Release|x86.ActiveCfg = Release|Win32
		{EBB69024-C2A7-4A0D-8E46-D4A2B072792E}.Release|x86.Build.0 = Release|Win32
		{C776A1C0-9C41-4C3E-A50D-842C9EC1602C}.Debug|x64.ActiveCfg = Debug|x64
		{C776A1C0-9C41-4C3E-A50D-842C9EC1602C}.Debug|x64.Build.0 = Debug|x64
		{C776A1C0-9C41-4C3E-A50D-842C9EC1602C}.Debug|x86.ActiveCfg = Debug|Win32
		{C776A1C0-9C41-4C3E-A50D-842C9EC1602C}.Debug|x86.Build.0 = Debug|Win32
		{C776A1C0-9C41-4C3E-A50D-842C9EC1602C}.Release|x64.ActiveCfg = Release|x64
		{C776A1C0-9C41-4C3E-A50D-842C9EC1602C}.Release|x64.Build.0 = Release|x64
		{C776A1C0-9C41-4C3E-A50D-842C9EC1602C}.Release|x86.ActiveCfg = Release|Win32
		{C776A1C0-9C41-4C3E-A50D-842C9EC1602C}.Release|x86.Build.0 = Release|Win32
		{F465F84B-7F35-486C-B05E-354CBA2521FC}.Debug|x64.ActiveCfg = Debug|x64
		{F465F84B-7F35-486C-B05E-354CBA2521FC}.Debug|x64.Build.0 = Debug|x64
		{F465F84B-7F35-486C-B05E-354CBA2521FC}.Debug|x86.ActiveCfg = Debug|Win32
		{F465F84B-7F35-486C-B05E-354CBA2521FC}.Debug|x86.Build.0 = Debug|Win32
		{F465F84B-7F35-486C-B05E-354CBA2521FC}.Release|x64.ActiveCfg = Release|x64
		{F465F84B-7F35-486C-B05E-354CBA2521FC}.Release|x64.Build.0 = Release|x64
		{F465F84B-7F35-486C-B05E-354CBA2521FC}.Release|x86.ActiveCfg = Release|Win32
		{F465F84B-7F35-486C-B05E-354CBA2521FC}.Release|x86.Build.0 = Release|Win32
		{661E01AF-01D7-45C3-9816-672F0BD1920E}.Debug|x64.ActiveCfg = Debug|x64
		{661E01AF-01D7-45C3-9816-672F0BD1920E}.Debug|x64.Build.0 = Debug|x64
		{661E01AF-01D7-45C3-9816-672F0BD1920E}.Debug|x86.ActiveCfg = Debug|Win32
		{661E01AF-01D7-45C3-9816-672F0BD1920E}.Debug|x86.Build.0 = Debug|Win32
		{661E01AF-01D7-45C3-9816-672F0BD1920E}.Release|x64.ActiveCfg = Release|x64
		{661E01AF-01D7-45C3-9816-672F0BD1920E}.Release|x64.Build.0 = Release|x64
		{661E01AF-01D7-45C3-9816-672F0BD1920E}.Release|x86.ActiveCfg = Release|Win32
		{661E01AF-01D7-45C3-9816-672F0BD1920E}.Release|x86.Build.0 = Release|Win32
		{10DF5169-7F3D-412E-A7AA-67172B0B4DC2}.Debug|x64.ActiveCfg = Debug|x64
		{10DF5169-7F3D-412E-A7AA-67172B0B4DC2}.Debug|x64.Build.0 = Debug|x64
		{10DF5169-7F3D-412E-A7AA-67172B0B4DC2}.Debug|x86.ActiveCfg = Debug|Win32
		{10DF5169-7F3D-412E-A7AA-67172B0B4DC2}.Debug|x86.Build.0 = Debug|Win32
		{10DF5169-7F3D-412E-A7AA-67172B0B4DC2}.Release|x64.ActiveCfg = Release|x64
		{10DF5169-7F3D-412E-A7AA-67172B0B4DC2}.Release|x64.Build.0 = Release|x64
		{10DF5169-7F3D-412E-A7AA-67172B0B4DC2}.Release|x86.ActiveCfg = Release|Win32
		{10DF5169-7F3D-412E-A7AA-67172B0B4DC2}.Release|x86.Build.0 = Release|Win32
	EndGlobalSection
	GlobalSection(SolutionProperties) = preSolution
		HideSolutionNode = FALSE
	EndGlobalSection
	GlobalSection(ExtensibilityGlobals) = postSolution
		SolutionGuid = {21B45CAB-31FA-4CEA-984C-F18B57071985}
	EndGlobalSection
EndGlobal
