
Microsoft Visual Studio Solution File, Format Version 12.00
# Visual Studio Version 17
VisualStudioVersion = 17.14.36414.22
MinimumVisualStudioVersion = 10.0.40219.1
Project("{8BC9CEB8-8B4A-11D0-8D11-00A0C91BC942}") = "102", "102\102.vcxproj", "{448F47AD-FFAC-4067-819D-8612832E4A08}"
EndProject
Project("{8BC9CEB8-8B4A-11D0-8D11-00A0C91BC942}") = "103", "103\103.vcxproj", "{BCE72839-AB9C-49A3-A5CC-DBB6540F0540}"
EndProject
Project("{8BC9CEB8-8B4A-11D0-8D11-00A0C91BC942}") = "104", "104\104.vcxproj", "{8921F212-E7D0-4723-8894-6CD076765835}"
EndProject
Project("{8BC9CEB8-8B4A-11D0-8D11-00A0C91BC942}") = "105", "105\105.vcxproj", "{9B6AE6D0-A929-4B07-9DE4-2A2A497165CE}"
EndProject
Project("{8BC9CEB8-8B4A-11D0-8D11-00A0C91BC942}") = "106", "106\106.vcxproj", "{9A73A65F-CFEC-4AE6-99F5-4CF01A6346A9}"
EndProject
Project("{8BC9CEB8-8B4A-11D0-8D11-00A0C91BC942}") = "107", "107\107.vcxproj", "{115B449E-E168-4D4F-A39B-CE0B2BB7635B}"
EndProject
Project("{8BC9CEB8-8B4A-11D0-8D11-00A0C91BC942}") = "108", "108\108.vcxproj", "{D469B6B5-8AAF-421E-B153-88FD293C0408}"
EndProject
Project("{8BC9CEB8-8B4A-11D0-8D11-00A0C91BC942}") = "109", "109\109.vcxproj", "{8BBD00F0-7F51-4509-8FE3-8992703CC745}"
EndProject
Global
	GlobalSection(SolutionConfigurationPlatforms) = preSolution
		Debug|x64 = Debug|x64
		Debug|x86 = Debug|x86
		Release|x64 = Release|x64
		Release|x86 = Release|x86
	EndGlobalSection
	GlobalSection(ProjectConfigurationPlatforms) = postSolution
		{448F47AD-FFAC-4067-819D-8612832E4A08}.Debug|x64.ActiveCfg = Debug|x64
		{448F47AD-FFAC-4067-819D-8612832E4A08}.Debug|x64.Build.0 = Debug|x64
		{448F47AD-FFAC-4067-819D-8612832E4A08}.Debug|x86.ActiveCfg = Debug|Win32
		{448F47AD-FFAC-4067-819D-8612832E4A08}.Debug|x86.Build.0 = Debug|Win32
		{448F47AD-FFAC-4067-819D-8612832E4A08}.Release|x64.ActiveCfg = Release|x64
		{448F47AD-FFAC-4067-819D-8612832E4A08}.Release|x64.Build.0 = Release|x64
		{448F47AD-FFAC-4067-819D-8612832E4A08}.Release|x86.ActiveCfg = Release|Win32
		{448F47AD-FFAC-4067-819D-8612832E4A08}.Release|x86.Build.0 = Release|Win32
		{BCE72839-AB9C-49A3-A5CC-DBB6540F0540}.Debug|x64.ActiveCfg = Debug|x64
		{BCE72839-AB9C-49A3-A5CC-DBB6540F0540}.Debug|x64.Build.0 = Debug|x64
		{BCE72839-AB9C-49A3-A5CC-DBB6540F0540}.Debug|x86.ActiveCfg = Debug|Win32
		{BCE72839-AB9C-49A3-A5CC-DBB6540F0540}.Debug|x86.Build.0 = Debug|Win32
		{BCE72839-AB9C-49A3-A5CC-DBB6540F0540}.Release|x64.ActiveCfg = Release|x64
		{BCE72839-AB9C-49A3-A5CC-DBB6540F0540}.Release|x64.Build.0 = Release|x64
		{BCE72839-AB9C-49A3-A5CC-DBB6540F0540}.Release|x86.ActiveCfg = Release|Win32
		{BCE72839-AB9C-49A3-A5CC-DBB6540F0540}.Release|x86.Build.0 = Release|Win32
		{8921F212-E7D0-4723-8894-6CD076765835}.Debug|x64.ActiveCfg = Debug|x64
		{8921F212-E7D0-4723-8894-6CD076765835}.Debug|x64.Build.0 = Debug|x64
		{8921F212-E7D0-4723-8894-6CD076765835}.Debug|x86.ActiveCfg = Debug|Win32
		{8921F212-E7D0-4723-8894-6CD076765835}.Debug|x86.Build.0 = Debug|Win32
		{8921F212-E7D0-4723-8894-6CD076765835}.Release|x64.ActiveCfg = Release|x64
		{8921F212-E7D0-4723-8894-6CD076765835}.Release|x64.Build.0 = Release|x64
		{8921F212-E7D0-4723-8894-6CD076765835}.Release|x86.ActiveCfg = Release|Win32
		{8921F212-E7D0-4723-8894-6CD076765835}.Release|x86.Build.0 = Release|Win32
		{9B6AE6D0-A929-4B07-9DE4-2A2A497165CE}.Debug|x64.ActiveCfg = Debug|x64
		{9B6AE6D0-A929-4B07-9DE4-2A2A497165CE}.Debug|x64.Build.0 = Debug|x64
		{9B6AE6D0-A929-4B07-9DE4-2A2A497165CE}.Debug|x86.ActiveCfg = Debug|Win32
		{9B6AE6D0-A929-4B07-9DE4-2A2A497165CE}.Debug|x86.Build.0 = Debug|Win32
		{9B6AE6D0-A929-4B07-9DE4-2A2A497165CE}.Release|x64.ActiveCfg = Release|x64
		{9B6AE6D0-A929-4B07-9DE4-2A2A497165CE}.Release|x64.Build.0 = Release|x64
		{9B6AE6D0-A929-4B07-9DE4-2A2A497165CE}.Release|x86.ActiveCfg = Release|Win32
		{9B6AE6D0-A929-4B07-9DE4-2A2A497165CE}.Release|x86.Build.0 = Release|Win32
		{9A73A65F-CFEC-4AE6-99F5-4CF01A6346A9}.Debug|x64.ActiveCfg = Debug|x64
		{9A73A65F-CFEC-4AE6-99F5-4CF01A6346A9}.Debug|x64.Build.0 = Debug|x64
		{9A73A65F-CFEC-4AE6-99F5-4CF01A6346A9}.Debug|x86.ActiveCfg = Debug|Win32
		{9A73A65F-CFEC-4AE6-99F5-4CF01A6346A9}.Debug|x86.Build.0 = Debug|Win32
		{9A73A65F-CFEC-4AE6-99F5-4CF01A6346A9}.Release|x64.ActiveCfg = Release|x64
		{9A73A65F-CFEC-4AE6-99F5-4CF01A6346A9}.Release|x64.Build.0 = Release|x64
		{9A73A65F-CFEC-4AE6-99F5-4CF01A6346A9}.Release|x86.ActiveCfg = Release|Win32
		{9A73A65F-CFEC-4AE6-99F5-4CF01A6346A9}.Release|x86.Build.0 = Release|Win32
		{115B449E-E168-4D4F-A39B-CE0B2BB7635B}.Debug|x64.ActiveCfg = Debug|x64
		{115B449E-E168-4D4F-A39B-CE0B2BB7635B}.Debug|x64.Build.0 = Debug|x64
		{115B449E-E168-4D4F-A39B-CE0B2BB7635B}.Debug|x86.ActiveCfg = Debug|Win32
		{115B449E-E168-4D4F-A39B-CE0B2BB7635B}.Debug|x86.Build.0 = Debug|Win32
		{115B449E-E168-4D4F-A39B-CE0B2BB7635B}.Release|x64.ActiveCfg = Release|x64
		{115B449E-E168-4D4F-A39B-CE0B2BB7635B}.Release|x64.Build.0 = Release|x64
		{115B449E-E168-4D4F-A39B-CE0B2BB7635B}.Release|x86.ActiveCfg = Release|Win32
		{115B449E-E168-4D4F-A39B-CE0B2BB7635B}.Release|x86.Build.0 = Release|Win32
		{D469B6B5-8AAF-421E-B153-88FD293C0408}.Debug|x64.ActiveCfg = Debug|x64
		{D469B6B5-8AAF-421E-B153-88FD293C0408}.Debug|x64.Build.0 = Debug|x64
		{D469B6B5-8AAF-421E-B153-88FD293C0408}.Debug|x86.ActiveCfg = Debug|Win32
		{D469B6B5-8AAF-421E-B153-88FD293C0408}.Debug|x86.Build.0 = Debug|Win32
		{D469B6B5-8AAF-421E-B153-88FD293C0408}.Release|x64.ActiveCfg = Release|x64
		{D469B6B5-8AAF-421E-B153-88FD293C0408}.Release|x64.Build.0 = Release|x64
		{D469B6B5-8AAF-421E-B153-88FD293C0408}.Release|x86.ActiveCfg = Release|Win32
		{D469B6B5-8AAF-421E-B153-88FD293C0408}.Release|x86.Build.0 = Release|Win32
		{8BBD00F0-7F51-4509-8FE3-8992703CC745}.Debug|x64.ActiveCfg = Debug|x64
		{8BBD00F0-7F51-4509-8FE3-8992703CC745}.Debug|x64.Build.0 = Debug|x64
		{8BBD00F0-7F51-4509-8FE3-8992703CC745}.Debug|x86.ActiveCfg = Debug|Win32
		{8BBD00F0-7F51-4509-8FE3-8992703CC745}.Debug|x86.Build.0 = Debug|Win32
		{8BBD00F0-7F51-4509-8FE3-8992703CC745}.Release|x64.ActiveCfg = Release|x64
		{8BBD00F0-7F51-4509-8FE3-8992703CC745}.Release|x64.Build.0 = Release|x64
		{8BBD00F0-7F51-4509-8FE3-8992703CC745}.Release|x86.ActiveCfg = Release|Win32
		{8BBD00F0-7F51-4509-8FE3-8992703CC745}.Release|x86.Build.0 = Release|Win32
	EndGlobalSection
	GlobalSection(SolutionProperties) = preSolution
		HideSolutionNode = FALSE
	EndGlobalSection
	GlobalSection(ExtensibilityGlobals) = postSolution
		SolutionGuid = {3A423D7B-EEA8-48B8-8AB1-5FCEF4B059DB}
	EndGlobalSection
EndGlobal
